// !$*UTF8*$!
{
	archiveVersion = 1;
	classes = {
	};
	objectVersion = 77;
	objects = {

/* Begin PBXBuildFile section */
		5A2384AF187F3102DC2DF6F0 /* NavigateView.swift in Sources */ = {isa = PBXBuildFile; fileRef = 3304DDCFABDAC0EE11CAB10A /* NavigateView.swift */; };
		7041D6822FFD6A5B00A3472A /* RoverNav in Frameworks */ = {isa = PBXBuildFile; productRef = 26B06C98B9A384470FDD1416 /* RoverNav */; };
		7041D6832FFD6A5B00A3472A /* PhroverKit in Frameworks */ = {isa = PBXBuildFile; productRef = 992417FC94F0973DA81C2CF3 /* PhroverKit */; };
		7041D6842FFD6A5B00A3472A /* PhroverCloud in Frameworks */ = {isa = PBXBuildFile; productRef = 873D2DF5F9D483C21B4A8313 /* PhroverCloud */; };
		7316E6788DE8BA8F80FF596B /* PhroverOperatorUITests.swift in Sources */ = {isa = PBXBuildFile; fileRef = EB2461CF8779BCE38D8A9005 /* PhroverOperatorUITests.swift */; };
		8FFCFF02ACA403C6A45A7CD2 /* PhroverOperatorApp.swift in Sources */ = {isa = PBXBuildFile; fileRef = 6B7B6DA99859F472611A5565 /* PhroverOperatorApp.swift */; };
		B2EEC0187E90F315C30ED2E5 /* AuthView.swift in Sources */ = {isa = PBXBuildFile; fileRef = CBFEE1680DCB21877C94633F /* AuthView.swift */; };
		C70F32962F9A479D5233BB02 /* ConversationView.swift in Sources */ = {isa = PBXBuildFile; fileRef = 825DADB380F51DD21F75FA9B /* ConversationView.swift */; };
		ED22BF21C1920E63BF931409 /* DriveView.swift in Sources */ = {isa = PBXBuildFile; fileRef = 53BB791CB7FE020013A1DA06 /* DriveView.swift */; };
/* End PBXBuildFile section */

/* Begin PBXContainerItemProxy section */
		BA7160179E8825C7DD60D6F8 /* PBXContainerItemProxy */ = {
			isa = PBXContainerItemProxy;
			containerPortal = 05C8C93AA6AFAFCE82FFA29E /* Project object */;
			proxyType = 1;
			remoteGlobalIDString = 4F8C499EC87DF88475073805;
			remoteInfo = PhroverOperator;
		};
/* End PBXContainerItemProxy section */

/* Begin PBXFileReference section */
		1E388A91BD26143433D6D93B /* PhroverOperatorUITests.xctest */ = {isa = PBXFileReference; includeInIndex = 0; lastKnownFileType = wrapper.cfbundle; path = PhroverOperatorUITests.xctest; sourceTree = BUILT_PRODUCTS_DIR; };
		3304DDCFABDAC0EE11CAB10A /* NavigateView.swift */ = {isa = PBXFileReference; lastKnownFileType = sourcecode.swift; path = NavigateView.swift; sourceTree = "<group>"; };
		53BB791CB7FE020013A1DA06 /* DriveView.swift */ = {isa = PBXFileReference; lastKnownFileType = sourcecode.swift; path = DriveView.swift; sourceTree = "<group>"; };
		6017D80B2B300131026E7F5C /* PhroverCloud.example.plist */ = {isa = PBXFileReference; lastKnownFileType = text.plist.xml; path = PhroverCloud.example.plist; sourceTree = "<group>"; };
		6B7B6DA99859F472611A5565 /* PhroverOperatorApp.swift */ = {isa = PBXFileReference; lastKnownFileType = sourcecode.swift; path = PhroverOperatorApp.swift; sourceTree = "<group>"; };
		825DADB380F51DD21F75FA9B /* ConversationView.swift */ = {isa = PBXFileReference; lastKnownFileType = sourcecode.swift; path = ConversationView.swift; sourceTree = "<group>"; };
		BA26047283D7828C54281B45 /* PhroverOperator.app */ = {isa = PBXFileReference; explicitFileType = wrapper.application; includeInIndex = 0; path = PhroverOperator.app; sourceTree = BUILT_PRODUCTS_DIR; };
		CBFEE1680DCB21877C94633F /* AuthView.swift */ = {isa = PBXFileReference; lastKnownFileType = sourcecode.swift; path = AuthView.swift; sourceTree = "<group>"; };
		E6D4EBDBE32E091442C1485C /* Info.plist */ = {isa = PBXFileReference; lastKnownFileType = text.plist.xml; path = Info.plist; sourceTree = "<group>"; };
		EB2461CF8779BCE38D8A9005 /* PhroverOperatorUITests.swift */ = {isa = PBXFileReference; lastKnownFileType = sourcecode.swift; path = PhroverOperatorUITests.swift; sourceTree = "<group>"; };
/* End PBXFileReference section */

/* Begin PBXFrameworksBuildPhase section */
		506CD1674AF26B87152896C9 /* Frameworks */ = {
			isa = PBXFrameworksBuildPhase;
			buildActionMask = 2147483647;
			files = (
				7041D6842FFD6A5B00A3472A /* PhroverCloud in Frameworks */,
				7041D6832FFD6A5B00A3472A /* PhroverKit in Frameworks */,
				7041D6822FFD6A5B00A3472A /* RoverNav in Frameworks */,
			);
			runOnlyForDeploymentPostprocessing = 0;
		};
/* End PBXFrameworksBuildPhase section */

/* Begin PBXGroup section */
		0679AA70E688BDE49922F4CC /* Config */ = {
			isa = PBXGroup;
			children = (
				6017D80B2B300131026E7F5C /* PhroverCloud.example.plist */,
			);
			name = Config;
			path = PhroverOperator/Config;
			sourceTree = "<group>";
		};
		28F1249155F395C83EC95573 /* PhroverOperatorUITests */ = {
			isa = PBXGroup;
			children = (
				EB2461CF8779BCE38D8A9005 /* PhroverOperatorUITests.swift */,
			);
			path = PhroverOperatorUITests;
			sourceTree = "<group>";
		};
		498E81954CE42C7331D73EF8 /* Products */ = {
			isa = PBXGroup;
			children = (
				BA26047283D7828C54281B45 /* PhroverOperator.app */,
				1E388A91BD26143433D6D93B /* PhroverOperatorUITests.xctest */,
			);
			name = Products;
			sourceTree = "<group>";
		};
		8DC9B22F96D0773C2FF49669 = {
			isa = PBXGroup;
			children = (
				FA5A7BCA302EDDB229C36BF6 /* App */,
				0679AA70E688BDE49922F4CC /* Config */,
				A1BD4BBC54CC815649693D27 /* Views */,
				E6D4EBDBE32E091442C1485C /* Info.plist */,
				28F1249155F395C83EC95573 /* PhroverOperatorUITests */,
				498E81954CE42C7331D73EF8 /* Products */,
			);
			sourceTree = "<group>";
		};
		A1BD4BBC54CC815649693D27 /* Views */ = {
			isa = PBXGroup;
			children = (
				CBFEE1680DCB21877C94633F /* AuthView.swift */,
				825DADB380F51DD21F75FA9B /* ConversationView.swift */,
				53BB791CB7FE020013A1DA06 /* DriveView.swift */,
				3304DDCFABDAC0EE11CAB10A /* NavigateView.swift */,
			);
			name = Views;
			path = PhroverOperator/Views;
			sourceTree = "<group>";
		};
		FA5A7BCA302EDDB229C36BF6 /* App */ = {
			isa = PBXGroup;
			children = (
				6B7B6DA99859F472611A5565 /* PhroverOperatorApp.swift */,
			);
			name = App;
			path = PhroverOperator/App;
			sourceTree = "<group>";
		};
/* End PBXGroup section */

/* Begin PBXNativeTarget section */
		4F8C499EC87DF88475073805 /* PhroverOperator */ = {
			isa = PBXNativeTarget;
			buildConfigurationList = 1616938A1DDFE6B8CEE1806B /* Build configuration list for PBXNativeTarget "PhroverOperator" */;
			buildPhases = (
				7DC6F2FEFE620BE56F0628E9 /* Sources */,
				506CD1674AF26B87152896C9 /* Frameworks */,
			);
			buildRules = (
			);
			dependencies = (
			);
			name = PhroverOperator;
			packageProductDependencies = (
				26B06C98B9A384470FDD1416 /* RoverNav */,
				992417FC94F0973DA81C2CF3 /* PhroverKit */,
				873D2DF5F9D483C21B4A8313 /* PhroverCloud */,
			);
			productName = PhroverOperator;
			productReference = BA26047283D7828C54281B45 /* PhroverOperator.app */;
			productType = "com.apple.product-type.application";
		};
		ABB35E79788B1C15F8AE64EC /* PhroverOperatorUITests */ = {
			isa = PBXNativeTarget;
			buildConfigurationList = 4889720D5288373D25EFE811 /* Build configuration list for PBXNativeTarget "PhroverOperatorUITests" */;
			buildPhases = (
				E6A0F3078101BAC1961B947F /* Sources */,
			);
			buildRules = (
			);
			dependencies = (
				A5EB1FA36D37EBEC6E821CDD /* PBXTargetDependency */,
			);
			name = PhroverOperatorUITests;
			packageProductDependencies = (
			);
			productName = PhroverOperatorUITests;
			productReference = 1E388A91BD26143433D6D93B /* PhroverOperatorUITests.xctest */;
			productType = "com.apple.product-type.bundle.ui-testing";
		};
/* End PBXNativeTarget section */

/* Begin PBXProject section */
		05C8C93AA6AFAFCE82FFA29E /* Project object */ = {
			isa = PBXProject;
			attributes = {
				BuildIndependentTargetsInParallel = YES;
				LastUpgradeCheck = 1430;
				TargetAttributes = {
					ABB35E79788B1C15F8AE64EC = {
						TestTargetID = 4F8C499EC87DF88475073805;
					};
				};
			};
			buildConfigurationList = BCEE8AC3A305191255944BC2 /* Build configuration list for PBXProject "PhroverOperator" */;
			developmentRegion = en;
			hasScannedForEncodings = 0;
			knownRegions = (
				Base,
				en,
			);
			mainGroup = 8DC9B22F96D0773C2FF49669;
			minimizedProjectReferenceProxies = 1;
			packageReferences = (
				BEC1932FECB5BA6B83D45C9C /* XCLocalSwiftPackageReference "../.." */,
			);
			preferredProjectObjectVersion = 77;
			productRefGroup = 498E81954CE42C7331D73EF8 /* Products */;
			projectDirPath = "";
			projectRoot = "";
			targets = (
				4F8C499EC87DF88475073805 /* PhroverOperator */,
				ABB35E79788B1C15F8AE64EC /* PhroverOperatorUITests */,
			);
		};
/* End PBXProject section */

/* Begin PBXSourcesBuildPhase section */
		7DC6F2FEFE620BE56F0628E9 /* Sources */ = {
			isa = PBXSourcesBuildPhase;
			buildActionMask = 2147483647;
			files = (
				8FFCFF02ACA403C6A45A7CD2 /* PhroverOperatorApp.swift in Sources */,
				B2EEC0187E90F315C30ED2E5 /* AuthView.swift in Sources */,
				C70F32962F9A479D5233BB02 /* ConversationView.swift in Sources */,
				ED22BF21C1920E63BF931409 /* DriveView.swift in Sources */,
				5A2384AF187F3102DC2DF6F0 /* NavigateView.swift in Sources */,
			);
			runOnlyForDeploymentPostprocessing = 0;
		};
		E6A0F3078101BAC1961B947F /* Sources */ = {
			isa = PBXSourcesBuildPhase;
			buildActionMask = 2147483647;
			files = (
				7316E6788DE8BA8F80FF596B /* PhroverOperatorUITests.swift in Sources */,
			);
			runOnlyForDeploymentPostprocessing = 0;
		};
/* End PBXSourcesBuildPhase section */

/* Begin PBXTargetDependency section */
		A5EB1FA36D37EBEC6E821CDD /* PBXTargetDependency */ = {
			isa = PBXTargetDependency;
			target = 4F8C499EC87DF88475073805 /* PhroverOperator */;
			targetProxy = BA7160179E8825C7DD60D6F8 /* PBXContainerItemProxy */;
		};
/* End PBXTargetDependency section */

/* Begin XCBuildConfiguration section */
		1781BA82F228DBBBD70FF718 /* Release */ = {
			isa = XCBuildConfiguration;
			buildSettings = {
				ALWAYS_SEARCH_USER_PATHS = NO;
				CLANG_ANALYZER_NONNULL = YES;
				CLANG_ANALYZER_NUMBER_OBJECT_CONVERSION = YES_AGGRESSIVE;
				CLANG_CXX_LANGUAGE_STANDARD = "gnu++14";
				CLANG_CXX_LIBRARY = "libc++";
				CLANG_ENABLE_MODULES = YES;
				CLANG_ENABLE_OBJC_ARC = YES;
				CLANG_ENABLE_OBJC_WEAK = YES;
				CLANG_WARN_BLOCK_CAPTURE_AUTORELEASING = YES;
				CLANG_WARN_BOOL_CONVERSION = YES;
				CLANG_WARN_COMMA = YES;
				CLANG_WARN_CONSTANT_CONVERSION = YES;
				CLANG_WARN_DEPRECATED_OBJC_IMPLEMENTATIONS = YES;
				CLANG_WARN_DIRECT_OBJC_ISA_USAGE = YES_ERROR;
				CLANG_WARN_DOCUMENTATION_COMMENTS = YES;
				CLANG_WARN_EMPTY_BODY = YES;
				CLANG_WARN_ENUM_CONVERSION = YES;
				CLANG_WARN_INFINITE_RECURSION = YES;
				CLANG_WARN_INT_CONVERSION = YES;
				CLANG_WARN_NON_LITERAL_NULL_CONVERSION = YES;
				CLANG_WARN_OBJC_IMPLICIT_RETAIN_SELF = YES;
				CLANG_WARN_OBJC_LITERAL_CONVERSION = YES;
				CLANG_WARN_OBJC_ROOT_CLASS = YES_ERROR;
				CLANG_WARN_QUOTED_INCLUDE_IN_FRAMEWORK_HEADER = YES;
				CLANG_WARN_RANGE_LOOP_ANALYSIS = YES;
				CLANG_WARN_STRICT_PROTOTYPES = YES;
				CLANG_WARN_SUSPICIOUS_MOVE = YES;
				CLANG_WARN_UNGUARDED_AVAILABILITY = YES_AGGRESSIVE;
				CLANG_WARN_UNREACHABLE_CODE = YES;
				CLANG_WARN__DUPLICATE_METHOD_MATCH = YES;
				COPY_PHASE_STRIP = NO;
				DEBUG_INFORMATION_FORMAT = "dwarf-with-dsym";
				ENABLE_NS_ASSERTIONS = NO;
				ENABLE_STRICT_OBJC_MSGSEND = YES;
				GCC_C_LANGUAGE_STANDARD = gnu11;
				GCC_NO_COMMON_BLOCKS = YES;
				GCC_WARN_64_TO_32_BIT_CONVERSION = YES;
				GCC_WARN_ABOUT_RETURN_TYPE = YES_ERROR;
				GCC_WARN_UNDECLARED_SELECTOR = YES;
				GCC_WARN_UNINITIALIZED_AUTOS = YES_AGGRESSIVE;
				GCC_WARN_UNUSED_FUNCTION = YES;
				GCC_WARN_UNUSED_VARIABLE = YES;
				IPHONEOS_DEPLOYMENT_TARGET = 26.0;
				MTL_ENABLE_DEBUG_INFO = NO;
				MTL_FAST_MATH = YES;
				PRODUCT_NAME = "$(TARGET_NAME)";
				SDKROOT = iphoneos;
				SWIFT_COMPILATION_MODE = wholemodule;
				SWIFT_OPTIMIZATION_LEVEL = "-O";
				SWIFT_VERSION = 6.0;
			};
			name = Release;
		};
		1E8E0C033AA7EC5B9FCB0E33 /* Debug */ = {
			isa = XCBuildConfiguration;
			buildSettings = {
				BUNDLE_LOADER = "$(TEST_HOST)";
				CODE_SIGN_STYLE = Automatic;
				GENERATE_INFOPLIST_FILE = YES;
				IPHONEOS_DEPLOYMENT_TARGET = 26.0;
				LD_RUNPATH_SEARCH_PATHS = (
					"$(inherited)",
					"@executable_path/Frameworks",
					"@loader_path/Frameworks",
				);
				PRODUCT_BUNDLE_IDENTIFIER = bot.coy.phrover.uitests;
				SDKROOT = iphoneos;
				SWIFT_VERSION = 6.0;
				TARGETED_DEVICE_FAMILY = "1,2";
				TEST_TARGET_NAME = PhroverOperator;
			};
			name = Debug;
		};
		6A53DF21A9761792533B26F5 /* Release */ = {
			isa = XCBuildConfiguration;
			buildSettings = {
				BUNDLE_LOADER = "$(TEST_HOST)";
				CODE_SIGN_STYLE = Automatic;
				GENERATE_INFOPLIST_FILE = YES;
				IPHONEOS_DEPLOYMENT_TARGET = 26.0;
				LD_RUNPATH_SEARCH_PATHS = (
					"$(inherited)",
					"@executable_path/Frameworks",
					"@loader_path/Frameworks",
				);
				PRODUCT_BUNDLE_IDENTIFIER = bot.coy.phrover.uitests;
				SDKROOT = iphoneos;
				SWIFT_VERSION = 6.0;
				TARGETED_DEVICE_FAMILY = "1,2";
				TEST_TARGET_NAME = PhroverOperator;
			};
			name = Release;
		};
		7B5B207F57816D699CBA08FC /* Release */ = {
			isa = XCBuildConfiguration;
			buildSettings = {
				ASSETCATALOG_COMPILER_APPICON_NAME = AppIcon;
				CODE_SIGN_STYLE = Automatic;
				CURRENT_PROJECT_VERSION = 1;
				DEVELOPMENT_TEAM = 64FVJWYNQ7;
				GENERATE_INFOPLIST_FILE = NO;
				INFOPLIST_FILE = PhroverOperator/Info.plist;
				IPHONEOS_DEPLOYMENT_TARGET = 26.0;
				LD_RUNPATH_SEARCH_PATHS = (
					"$(inherited)",
					"@executable_path/Frameworks",
				);
				MARKETING_VERSION = 1.0;
				PRODUCT_BUNDLE_IDENTIFIER = bot.coy.phrover;
				SDKROOT = iphoneos;
				SWIFT_VERSION = 6.0;
				TARGETED_DEVICE_FAMILY = "1,2";
			};
			name = Release;
		};
		AD860C63A464E98AA386213B /* Debug */ = {
			isa = XCBuildConfiguration;
			buildSettings = {
				ASSETCATALOG_COMPILER_APPICON_NAME = AppIcon;
				CODE_SIGN_STYLE = Automatic;
				CURRENT_PROJECT_VERSION = 1;
				DEVELOPMENT_TEAM = 64FVJWYNQ7;
				GENERATE_INFOPLIST_FILE = NO;
				INFOPLIST_FILE = PhroverOperator/Info.plist;
				IPHONEOS_DEPLOYMENT_TARGET = 26.0;
				LD_RUNPATH_SEARCH_PATHS = (
					"$(inherited)",
					"@executable_path/Frameworks",
				);
				MARKETING_VERSION = 1.0;
				PRODUCT_BUNDLE_IDENTIFIER = bot.coy.phrover;
				SDKROOT = iphoneos;
				SWIFT_VERSION = 6.0;
				TARGETED_DEVICE_FAMILY = "1,2";
			};
			name = Debug;
		};
		EF532F17819C7D9C78308464 /* Debug */ = {
			isa = XCBuildConfiguration;
			buildSettings = {
				ALWAYS_SEARCH_USER_PATHS = NO;
				CLANG_ANALYZER_NONNULL = YES;
				CLANG_ANALYZER_NUMBER_OBJECT_CONVERSION = YES_AGGRESSIVE;
				CLANG_CXX_LANGUAGE_STANDARD = "gnu++14";
				CLANG_CXX_LIBRARY = "libc++";
				CLANG_ENABLE_MODULES = YES;
				CLANG_ENABLE_OBJC_ARC = YES;
				CLANG_ENABLE_OBJC_WEAK = YES;
				CLANG_WARN_BLOCK_CAPTURE_AUTORELEASING = YES;
				CLANG_WARN_BOOL_CONVERSION = YES;
				CLANG_WARN_COMMA = YES;
				CLANG_WARN_CONSTANT_CONVERSION = YES;
				CLANG_WARN_DEPRECATED_OBJC_IMPLEMENTATIONS = YES;
				CLANG_WARN_DIRECT_OBJC_ISA_USAGE = YES_ERROR;
				CLANG_WARN_DOCUMENTATION_COMMENTS = YES;
				CLANG_WARN_EMPTY_BODY = YES;
				CLANG_WARN_ENUM_CONVERSION = YES;
				CLANG_WARN_INFINITE_RECURSION = YES;
				CLANG_WARN_INT_CONVERSION = YES;
				CLANG_WARN_NON_LITERAL_NULL_CONVERSION = YES;
				CLANG_WARN_OBJC_IMPLICIT_RETAIN_SELF = YES;
				CLANG_WARN_OBJC_LITERAL_CONVERSION = YES;
				CLANG_WARN_OBJC_ROOT_CLASS = YES_ERROR;
				CLANG_WARN_QUOTED_INCLUDE_IN_FRAMEWORK_HEADER = YES;
				CLANG_WARN_RANGE_LOOP_ANALYSIS = YES;
				CLANG_WARN_STRICT_PROTOTYPES = YES;
				CLANG_WARN_SUSPICIOUS_MOVE = YES;
				CLANG_WARN_UNGUARDED_AVAILABILITY = YES_AGGRESSIVE;
				CLANG_WARN_UNREACHABLE_CODE = YES;
				CLANG_WARN__DUPLICATE_METHOD_MATCH = YES;
				COPY_PHASE_STRIP = NO;
				DEBUG_INFORMATION_FORMAT = dwarf;
				ENABLE_STRICT_OBJC_MSGSEND = YES;
				ENABLE_TESTABILITY = YES;
				GCC_C_LANGUAGE_STANDARD = gnu11;
				GCC_DYNAMIC_NO_PIC = NO;
				GCC_NO_COMMON_BLOCKS = YES;
				GCC_OPTIMIZATION_LEVEL = 0;
				GCC_PREPROCESSOR_DEFINITIONS = (
					"$(inherited)",
					"DEBUG=1",
				);
				GCC_WARN_64_TO_32_BIT_CONVERSION = YES;
				GCC_WARN_ABOUT_RETURN_TYPE = YES_ERROR;
				GCC_WARN_UNDECLARED_SELECTOR = YES;
				GCC_WARN_UNINITIALIZED_AUTOS = YES_AGGRESSIVE;
				GCC_WARN_UNUSED_FUNCTION = YES;
				GCC_WARN_UNUSED_VARIABLE = YES;
				IPHONEOS_DEPLOYMENT_TARGET = 26.0;
				MTL_ENABLE_DEBUG_INFO = INCLUDE_SOURCE;
				MTL_FAST_MATH = YES;
				ONLY_ACTIVE_ARCH = YES;
				PRODUCT_NAME = "$(TARGET_NAME)";
				SDKROOT = iphoneos;
				SWIFT_ACTIVE_COMPILATION_CONDITIONS = DEBUG;
				SWIFT_OPTIMIZATION_LEVEL = "-Onone";
				SWIFT_VERSION = 6.0;
			};
			name = Debug;
		};
/* End XCBuildConfiguration section */

/* Begin XCConfigurationList section */
		1616938A1DDFE6B8CEE1806B /* Build configuration list for PBXNativeTarget "PhroverOperator" */ = {
			isa = XCConfigurationList;
			buildConfigurations = (
				AD860C63A464E98AA386213B /* Debug */,
				7B5B207F57816D699CBA08FC /* Release */,
			);
			defaultConfigurationIsVisible = 0;
			defaultConfigurationName = Debug;
		};
		4889720D5288373D25EFE811 /* Build configuration list for PBXNativeTarget "PhroverOperatorUITests" */ = {
			isa = XCConfigurationList;
			buildConfigurations = (
				1E8E0C033AA7EC5B9FCB0E33 /* Debug */,
				6A53DF21A9761792533B26F5 /* Release */,
			);
			defaultConfigurationIsVisible = 0;
			defaultConfigurationName = Debug;
		};
		BCEE8AC3A305191255944BC2 /* Build configuration list for PBXProject "PhroverOperator" */ = {
			isa = XCConfigurationList;
			buildConfigurations = (
				EF532F17819C7D9C78308464 /* Debug */,
				1781BA82F228DBBBD70FF718 /* Release */,
			);
			defaultConfigurationIsVisible = 0;
			defaultConfigurationName = Debug;
		};
/* End XCConfigurationList section */

/* Begin XCLocalSwiftPackageReference section */
		BEC1932FECB5BA6B83D45C9C /* XCLocalSwiftPackageReference "../.." */ = {
			isa = XCLocalSwiftPackageReference;
			relativePath = ../..;
		};
/* End XCLocalSwiftPackageReference section */

/* Begin XCSwiftPackageProductDependency section */
		26B06C98B9A384470FDD1416 /* RoverNav */ = {
			isa = XCSwiftPackageProductDependency;
			productName = RoverNav;
		};
		873D2DF5F9D483C21B4A8313 /* PhroverCloud */ = {
			isa = XCSwiftPackageProductDependency;
			productName = PhroverCloud;
		};
		992417FC94F0973DA81C2CF3 /* PhroverKit */ = {
			isa = XCSwiftPackageProductDependency;
			productName = PhroverKit;
		};
/* End XCSwiftPackageProductDependency section */
	};
	rootObject = 05C8C93AA6AFAFCE82FFA29E /* Project object */;
}
